
Microsoft Visual Studio Solution File, Format Version 12.00
# Visual Studio 14
VisualStudioVersion = 14.0.25420.1
MinimumVisualStudioVersion = 10.0.40219.1
Project("{FAE04EC0-301F-11D3-BF4B-00C04F79EFBC}") = "ArticuloApp.Web", "ArticuloApp.Web\ArticuloApp.Web.csproj", "{BCE0DE0D-58EB-45FC-857D-82F15C33C905}"
EndProject
Project("{FAE04EC0-301F-11D3-BF4B-00C04F79EFBC}") = "ArticuloApp.Web.Integrador", "ArticuloApp.Web.Integrador\ArticuloApp.Web.Integrador.csproj", "{474F58EA-F055-4EB6-BDEB-5738A66414C0}"
EndProject
Global
	GlobalSection(SolutionConfigurationPlatforms) = preSolution
		Debug|Any CPU = Debug|Any CPU
		Release|Any CPU = Release|Any CPU
	EndGlobalSection
	GlobalSection(ProjectConfigurationPlatforms) = postSolution
		{BCE0DE0D-58EB-45FC-857D-82F15C33C905}.Debug|Any CPU.ActiveCfg = Debug|Any CPU
		{BCE0DE0D-58EB-45FC-857D-82F15C33C905}.Debug|Any CPU.Build.0 = Debug|Any CPU
		{BCE0DE0D-58EB-45FC-857D-82F15C33C905}.Release|Any CPU.ActiveCfg = Release|Any CPU
		{BCE0DE0D-58EB-45FC-857D-82F15C33C905}.Release|Any CPU.Build.0 = Release|Any CPU
		{474F58EA-F055-4EB6-BDEB-5738A66414C0}.Debug|Any CPU.ActiveCfg = Debug|Any CPU
		{474F58EA-F055-4EB6-BDEB-5738A66414C0}.Debug|Any CPU.Build.0 = Debug|Any CPU
		{474F58EA-F055-4EB6-BDEB-5738A66414C0}.Release|Any CPU.ActiveCfg = Release|Any CPU
		{474F58EA-F055-4EB6-BDEB-5738A66414C0}.Release|Any CPU.Build.0 = Release|Any CPU
	EndGlobalSection
	GlobalSection(SolutionProperties) = preSolution
		HideSolutionNode = FALSE
	EndGlobalSection
	GlobalSection(ExtensibilityGlobals) = postSolution
		SolutionGuid = {5B67BDF7-E99B-4119-BAD9-479BBD932804}
	EndGlobalSection
EndGlobal
