
Microsoft Visual Studio Solution File, Format Version 12.00
# Visual Studio 15
VisualStudioVersion = 15.0.28307.168
MinimumVisualStudioVersion = 10.0.40219.1
Project("{FAE04EC0-301F-11D3-BF4B-00C04F79EFBC}") = "ArticuloApp.Aplicacion", "ArticuloApp.Aplicacion\ArticuloApp.Aplicacion.csproj", "{20E26BC2-B732-4C09-BD56-6207D2C3A79E}"
EndProject
Project("{FAE04EC0-301F-11D3-BF4B-00C04F79EFBC}") = "ArticuloApp.Entidades", "ArticuloApp.Entidades\ArticuloApp.Entidades.csproj", "{D6308D64-B72A-4F5F-8C89-8F5CCAE23A0D}"
EndProject
Global
	GlobalSection(SolutionConfigurationPlatforms) = preSolution
		Debug|Any CPU = Debug|Any CPU
		Release|Any CPU = Release|Any CPU
	EndGlobalSection
	GlobalSection(ProjectConfigurationPlatforms) = postSolution
		{20E26BC2-B732-4C09-BD56-6207D2C3A79E}.Debug|Any CPU.ActiveCfg = Debug|Any CPU
		{20E26BC2-B732-4C09-BD56-6207D2C3A79E}.Debug|Any CPU.Build.0 = Debug|Any CPU
		{20E26BC2-B732-4C09-BD56-6207D2C3A79E}.Release|Any CPU.ActiveCfg = Release|Any CPU
		{20E26BC2-B732-4C09-BD56-6207D2C3A79E}.Release|Any CPU.Build.0 = Release|Any CPU
		{D6308D64-B72A-4F5F-8C89-8F5CCAE23A0D}.Debug|Any CPU.ActiveCfg = Debug|Any CPU
		{D6308D64-B72A-4F5F-8C89-8F5CCAE23A0D}.Debug|Any CPU.Build.0 = Debug|Any CPU
		{D6308D64-B72A-4F5F-8C89-8F5CCAE23A0D}.Release|Any CPU.ActiveCfg = Release|Any CPU
		{D6308D64-B72A-4F5F-8C89-8F5CCAE23A0D}.Release|Any CPU.Build.0 = Release|Any CPU
	EndGlobalSection
	GlobalSection(SolutionProperties) = preSolution
		HideSolutionNode = FALSE
	EndGlobalSection
	GlobalSection(ExtensibilityGlobals) = postSolution
		SolutionGuid = {8109B7B3-1307-4A51-83C3-0E41945FEF3A}
	EndGlobalSection
EndGlobal
